# ── requirements.lock — generated, do not edit by hand ────────────────────────
#
# The resolved dependency set of requirements-dev.txt (test/lint only), pinned
# exactly, including transitive packages. It answers "which versions was this
# green against?".
#
#   regenerate:  make lock
#   inspect:     git diff requirements.lock
#
# Plain `pip install -r requirements.lock` works, but it pins platform-specific
# packages as they resolved on ONE machine — the header records which. For
# day-to-day work use requirements-dev.txt, which resolves per platform.
# generated   : 2026-10-06 · python 3.11.2 · Linux x86_64
# package count: 93

annotated-doc==0.0.5
annotated-types==0.8.0
anyio==4.15.1
ast_serialize==0.12.1
babel==2.18.0
black==26.10.0
build==1.6.1
certifi==2026.7.22
cffi==2.1.1
charset-normalizer==3.5.2
click==8.5.0
courlan==1.4.0
croniter==2.0.7
cryptography==49.0.0
dateparser==1.4.3
ddgs==9.16.0
distro==1.9.0
docstring-to-markdown==0.17
duckdb==1.5.6
duckduckgo_search==6.4.2
fastapi==0.142.2
feedparser-sgmllib==2.1.0
feedparser==6.0.14
google-auth==2.60.0
google-genai==2.28.0
h11==0.16.0
htmldate==1.11.0
httpcore2==2.13.1
httpcore==1.0.9
httpx2==2.13.1
httpx==0.28.1
idna==3.20
importlib_metadata==9.0.1
iniconfig==2.3.0
jedi==0.20.0
jusText==3.0.2
librt==0.16.0
lxml==6.1.3
mypy==2.4.0
mypy_extensions==1.1.0
numpy==2.4.6
opentelemetry-api==1.45.0
packaging==26.3
paho-mqtt==2.1.0
parso==0.8.7
pathspec==1.1.1
pillow==12.3.0
platformdirs==4.12.3
pluggy==1.6.0
primp==2.0.1
psutil==7.2.2
pyasn1==0.6.4
pyasn1_modules==0.4.2
pycodestyle==2.15.0
pycparser==3.0
pydantic==2.13.5
pydantic_core==2.46.5
pyflakes==3.4.0
Pygments==2.21.0
pypdf==5.9.0
pypdfium2==5.14.0
pyproject_hooks==1.3.3
PyQt6-Qt6==6.11.2
PyQt6==6.11.0
PyQt6_sip==13.13.0
pytest==8.4.2
python-dateutil==2.9.0.post0
python-lsp-jsonrpc==1.1.2
python-lsp-server==1.15.0
python-multipart==0.0.32
pytokens==0.4.1
pytz==2026.5
regex==2026.9.29
requests==2.34.2
ruff==0.16.10
six==1.17.0
sniffio==1.3.1
sqlite-vec==0.1.9
starlette==1.7.0
tenacity==9.1.4
tld==0.13.2
trafilatura==1.12.2
tree-sitter-python==0.25.0
tree-sitter==0.26.0
truststore==0.10.4
typing-inspection==0.4.4
typing_extensions==4.16.0
tzlocal==5.4.4
ujson==6.0.0
urllib3==2.8.0
uvicorn==0.54.0
websockets==16.1.1
zipp==4.1.1
